
Microsoft Visual Studio Solution File, Format Version 10.00
# Visual Studio 2008
Project("{8BC9CEB8-8B4A-11D0-8D11-00A0C91BC942}") = "server", "console\console.vcproj", "{CCA939FF-A5CC-4009-B087-D02AEDF6BB73}"
EndProject
Project("{8BC9CEB8-8B4A-11D0-8D11-00A0C91BC942}") = "client", "client\client.vcproj", "{B8B9C6A6-EBA8-47B4-9A16-A89BE6FC91BB}"
EndProject
Global
	GlobalSection(SolutionConfigurationPlatforms) = preSolution
		Debug|Win32 = Debug|Win32
		Release|Win32 = Release|Win32
	EndGlobalSection
	GlobalSection(ProjectConfigurationPlatforms) = postSolution
		{CCA939FF-A5CC-4009-B087-D02AEDF6BB73}.Debug|Win32.ActiveCfg = Debug|Win32
		{CCA939FF-A5CC-4009-B087-D02AEDF6BB73}.Debug|Win32.Build.0 = Debug|Win32
		{CCA939FF-A5CC-4009-B087-D02AEDF6BB73}.Release|Win32.ActiveCfg = Release|Win32
		{CCA939FF-A5CC-4009-B087-D02AEDF6BB73}.Release|Win32.Build.0 = Release|Win32
		{B8B9C6A6-EBA8-47B4-9A16-A89BE6FC91BB}.Debug|Win32.ActiveCfg = Debug|Win32
		{B8B9C6A6-EBA8-47B4-9A16-A89BE6FC91BB}.Debug|Win32.Build.0 = Debug|Win32
		{B8B9C6A6-EBA8-47B4-9A16-A89BE6FC91BB}.Release|Win32.ActiveCfg = Release|Win32
		{B8B9C6A6-EBA8-47B4-9A16-A89BE6FC91BB}.Release|Win32.Build.0 = Release|Win32
	EndGlobalSection
	GlobalSection(SolutionProperties) = preSolution
		HideSolutionNode = FALSE
	EndGlobalSection
EndGlobal
